{
  "version": 4,
  "terraform_version": "1.14.1",
  "serial": 128,
  "lineage": "12b5e4a9-9681-71bd-f006-6365d2fcf13e",
  "outputs": {},
  "resources": [
    {
      "mode": "managed",
      "type": "azurerm_linux_virtual_machine",
      "name": "tf_vm",
      "provider": "provider[\"registry.terraform.io/hashicorp/azurerm\"]",
      "instances": [
        {
          "schema_version": 0,
          "attributes": {
            "additional_capabilities": [],
            "admin_password": null,
            "admin_ssh_key": [
              {
                "public_key": "ssh-rsa AAAAB3NzaC1yc2EAAAADAQABAAABgQDUvOsSGpZobufS8HE1rKdvBP9QsXd5I48rCvnneJ8X9vQwH3TP0JSSLFee7q37mlnrDLQNO5cf7awn7SfJo+W61VGknUGfdMPyMgEJnMd4FuJwczq9RYS+kmgvGdt8gbNe8YzMcuzUcddSaAwasVs5oAYRkNmdPvx++mv3axQzK+GFYDH7FYXUVIq/IFhAehV8HmhhNu+a3v4vuANE9M3oTNhbTR+4ym3tKRhG35TmnjfeSfsvyH/+1u9uMde25/dFyOkWI8oX70otU5rYmDrppxhAFFQbpu973gNKTJotnAnI2xfOm4cAXoj1wGZevWoaEBQ1XnaInpBV1RffAriRVpztDW2b9JKTZi3zMCamQGGrQKL8qEvDyd2zUd/k/q3gH4FwXHoCZy2fOBlUdHBtFOmGE/7zN8DVDE3Z7iqNarkjuXEDyqTbl8UAicR8moLVfbT40M/z63PH+MuZLGojT/ZCTYfhbnWks2MN9gWca7eKInFoKwPoEoI1XYNjpv0= thawzin@Thaws-MacBook-Pro.local\n",
                "username": "adminuser"
              }
            ],
            "admin_username": "adminuser",
            "allow_extension_operations": true,
            "availability_set_id": "",
            "boot_diagnostics": [],
            "bypass_platform_safety_checks_on_user_schedule_enabled": false,
            "capacity_reservation_group_id": "",
            "computer_name": "my-vm",
            "custom_data": null,
            "dedicated_host_group_id": "",
            "dedicated_host_id": "",
            "disable_password_authentication": true,
            "disk_controller_type": "NVMe",
            "edge_zone": "",
            "encryption_at_host_enabled": false,
            "eviction_policy": "",
            "extensions_time_budget": "PT1H30M",
            "gallery_application": [],
            "id": "/subscriptions/3107391c-1fb2-4525-ad56-f527fd836436/resourceGroups/Az-Tf-Rg/providers/Microsoft.Compute/virtualMachines/my-vm",
            "identity": [],
            "license_type": "",
            "location": "uksouth",
            "max_bid_price": -1,
            "name": "my-vm",
            "network_interface_ids": [
              "/subscriptions/3107391c-1fb2-4525-ad56-f527fd836436/resourceGroups/Az-Tf-Rg/providers/Microsoft.Network/networkInterfaces/my-tf-nic"
            ],
            "os_disk": [
              {
                "caching": "ReadWrite",
                "diff_disk_settings": [],
                "disk_encryption_set_id": "",
                "disk_size_gb": 30,
                "name": "my-vm_OsDisk_1_a380fd7f453349779364d9334f849331",
                "secure_vm_disk_encryption_set_id": "",
                "security_encryption_type": "",
                "storage_account_type": "Standard_LRS",
                "write_accelerator_enabled": false
              }
            ],
            "os_image_notification": [],
            "patch_assessment_mode": "ImageDefault",
            "patch_mode": "ImageDefault",
            "plan": [],
            "platform_fault_domain": -1,
            "priority": "Regular",
            "private_ip_address": "10.0.2.4",
            "private_ip_addresses": [
              "10.0.2.4"
            ],
            "provision_vm_agent": true,
            "proximity_placement_group_id": "",
            "public_ip_address": "20.90.187.98",
            "public_ip_addresses": [
              "20.90.187.98"
            ],
            "reboot_setting": "",
            "resource_group_name": "Az-Tf-Rg",
            "secret": [],
            "secure_boot_enabled": false,
            "size": "Standard_D2ads_v7",
            "source_image_id": "",
            "source_image_reference": [
              {
                "offer": "ubuntu-24_04-lts",
                "publisher": "Canonical",
                "sku": "minimal",
                "version": "latest"
              }
            ],
            "tags": null,
            "termination_notification": null,
            "timeouts": null,
            "user_data": "",
            "virtual_machine_id": "96d13bd2-1950-40bb-970d-620c8b7936df",
            "virtual_machine_scale_set_id": "",
            "vm_agent_platform_updates_enabled": false,
            "vtpm_enabled": false,
            "zone": ""
          },
          "sensitive_attributes": [
            [
              {
                "type": "get_attr",
                "value": "admin_password"
              }
            ],
            [
              {
                "type": "get_attr",
                "value": "custom_data"
              }
            ]
          ],
          "identity_schema_version": 0,
          "private": "eyJlMmJmYjczMC1lY2FhLTExZTYtOGY4OC0zNDM2M2JjN2M0YzAiOnsiY3JlYXRlIjoyNzAwMDAwMDAwMDAwLCJkZWxldGUiOjI3MDAwMDAwMDAwMDAsInJlYWQiOjMwMDAwMDAwMDAwMCwidXBkYXRlIjoyNzAwMDAwMDAwMDAwfX0=",
          "dependencies": [
            "azurerm_network_interface.tf_nic",
            "azurerm_public_ip.tf_public_ip",
            "azurerm_resource_group.tf_rg",
            "azurerm_subnet.tf_internal_sub",
            "azurerm_virtual_network.tf_vnet"
          ]
        }
      ]
    },
    {
      "mode": "managed",
      "type": "azurerm_network_interface",
      "name": "tf_nic",
      "provider": "provider[\"registry.terraform.io/hashicorp/azurerm\"]",
      "instances": [
        {
          "schema_version": 0,
          "attributes": {
            "accelerated_networking_enabled": false,
            "applied_dns_servers": [],
            "auxiliary_mode": "",
            "auxiliary_sku": "",
            "dns_servers": null,
            "edge_zone": "",
            "id": "/subscriptions/3107391c-1fb2-4525-ad56-f527fd836436/resourceGroups/Az-Tf-Rg/providers/Microsoft.Network/networkInterfaces/my-tf-nic",
            "internal_dns_name_label": "",
            "internal_domain_name_suffix": "0ih3aacvlbuetofplilaqscpnh.zx.internal.cloudapp.net",
            "ip_configuration": [
              {
                "gateway_load_balancer_frontend_ip_configuration_id": "",
                "name": "internal",
                "primary": true,
                "private_ip_address": "10.0.2.4",
                "private_ip_address_allocation": "Dynamic",
                "private_ip_address_version": "IPv4",
                "public_ip_address_id": "/subscriptions/3107391c-1fb2-4525-ad56-f527fd836436/resourceGroups/Az-Tf-Rg/providers/Microsoft.Network/publicIPAddresses/tf-public-ip",
                "subnet_id": "/subscriptions/3107391c-1fb2-4525-ad56-f527fd836436/resourceGroups/Az-Tf-Rg/providers/Microsoft.Network/virtualNetworks/tf-network/subnets/internal"
              }
            ],
            "ip_forwarding_enabled": false,
            "location": "uksouth",
            "mac_address": "",
            "name": "my-tf-nic",
            "private_ip_address": "10.0.2.4",
            "private_ip_addresses": [
              "10.0.2.4"
            ],
            "resource_group_name": "Az-Tf-Rg",
            "tags": null,
            "timeouts": null,
            "virtual_machine_id": ""
          },
          "sensitive_attributes": [],
          "identity_schema_version": 0,
          "private": "eyJlMmJmYjczMC1lY2FhLTExZTYtOGY4OC0zNDM2M2JjN2M0YzAiOnsiY3JlYXRlIjoxODAwMDAwMDAwMDAwLCJkZWxldGUiOjE4MDAwMDAwMDAwMDAsInJlYWQiOjMwMDAwMDAwMDAwMCwidXBkYXRlIjoxODAwMDAwMDAwMDAwfX0=",
          "dependencies": [
            "azurerm_public_ip.tf_public_ip",
            "azurerm_resource_group.tf_rg",
            "azurerm_subnet.tf_internal_sub",
            "azurerm_virtual_network.tf_vnet"
          ]
        }
      ]
    },
    {
      "mode": "managed",
      "type": "azurerm_network_interface_security_group_association",
      "name": "tf_nsg_assoc",
      "provider": "provider[\"registry.terraform.io/hashicorp/azurerm\"]",
      "instances": [
        {
          "schema_version": 0,
          "attributes": {
            "id": "/subscriptions/3107391c-1fb2-4525-ad56-f527fd836436/resourceGroups/Az-Tf-Rg/providers/Microsoft.Network/networkInterfaces/my-tf-nic|/subscriptions/3107391c-1fb2-4525-ad56-f527fd836436/resourceGroups/Az-Tf-Rg/providers/Microsoft.Network/networkSecurityGroups/my-tf-nsg",
            "network_interface_id": "/subscriptions/3107391c-1fb2-4525-ad56-f527fd836436/resourceGroups/Az-Tf-Rg/providers/Microsoft.Network/networkInterfaces/my-tf-nic",
            "network_security_group_id": "/subscriptions/3107391c-1fb2-4525-ad56-f527fd836436/resourceGroups/Az-Tf-Rg/providers/Microsoft.Network/networkSecurityGroups/my-tf-nsg",
            "timeouts": null
          },
          "sensitive_attributes": [],
          "identity_schema_version": 0,
          "private": "eyJlMmJmYjczMC1lY2FhLTExZTYtOGY4OC0zNDM2M2JjN2M0YzAiOnsiY3JlYXRlIjoxODAwMDAwMDAwMDAwLCJkZWxldGUiOjE4MDAwMDAwMDAwMDAsInJlYWQiOjMwMDAwMDAwMDAwMH19",
          "dependencies": [
            "azurerm_network_interface.tf_nic",
            "azurerm_network_security_group.tf_nsg",
            "azurerm_public_ip.tf_public_ip",
            "azurerm_resource_group.tf_rg",
            "azurerm_subnet.tf_internal_sub",
            "azurerm_virtual_network.tf_vnet"
          ]
        }
      ]
    },
    {
      "mode": "managed",
      "type": "azurerm_network_security_group",
      "name": "tf_nsg",
      "provider": "provider[\"registry.terraform.io/hashicorp/azurerm\"]",
      "instances": [
        {
          "schema_version": 0,
          "attributes": {
            "id": "/subscriptions/3107391c-1fb2-4525-ad56-f527fd836436/resourceGroups/Az-Tf-Rg/providers/Microsoft.Network/networkSecurityGroups/my-tf-nsg",
            "location": "uksouth",
            "name": "my-tf-nsg",
            "resource_group_name": "Az-Tf-Rg",
            "security_rule": [
              {
                "access": "Allow",
                "description": "",
                "destination_address_prefix": "*",
                "destination_address_prefixes": [],
                "destination_application_security_group_ids": [],
                "destination_port_range": "22",
                "destination_port_ranges": [],
                "direction": "Inbound",
                "name": "allow-ssh",
                "priority": 100,
                "protocol": "Tcp",
                "source_address_prefix": "92.234.245.179/32",
                "source_address_prefixes": [],
                "source_application_security_group_ids": [],
                "source_port_range": "*",
                "source_port_ranges": []
              }
            ],
            "tags": {
              "environment": "dev"
            },
            "timeouts": null
          },
          "sensitive_attributes": [],
          "identity_schema_version": 0,
          "private": "eyJlMmJmYjczMC1lY2FhLTExZTYtOGY4OC0zNDM2M2JjN2M0YzAiOnsiY3JlYXRlIjoxODAwMDAwMDAwMDAwLCJkZWxldGUiOjE4MDAwMDAwMDAwMDAsInJlYWQiOjMwMDAwMDAwMDAwMCwidXBkYXRlIjoxODAwMDAwMDAwMDAwfX0=",
          "dependencies": [
            "azurerm_resource_group.tf_rg"
          ]
        }
      ]
    },
    {
      "mode": "managed",
      "type": "azurerm_public_ip",
      "name": "tf_public_ip",
      "provider": "provider[\"registry.terraform.io/hashicorp/azurerm\"]",
      "instances": [
        {
          "schema_version": 0,
          "attributes": {
            "allocation_method": "Static",
            "ddos_protection_mode": "VirtualNetworkInherited",
            "ddos_protection_plan_id": null,
            "domain_name_label": null,
            "edge_zone": "",
            "fqdn": null,
            "id": "/subscriptions/3107391c-1fb2-4525-ad56-f527fd836436/resourceGroups/Az-Tf-Rg/providers/Microsoft.Network/publicIPAddresses/tf-public-ip",
            "idle_timeout_in_minutes": 4,
            "ip_address": "20.90.187.98",
            "ip_tags": null,
            "ip_version": "IPv4",
            "location": "uksouth",
            "name": "tf-public-ip",
            "public_ip_prefix_id": null,
            "resource_group_name": "Az-Tf-Rg",
            "reverse_fqdn": null,
            "sku": "Standard",
            "sku_tier": "Regional",
            "tags": {
              "environment": "dev"
            },
            "timeouts": null,
            "zones": null
          },
          "sensitive_attributes": [],
          "identity_schema_version": 0,
          "private": "eyJlMmJmYjczMC1lY2FhLTExZTYtOGY4OC0zNDM2M2JjN2M0YzAiOnsiY3JlYXRlIjoxODAwMDAwMDAwMDAwLCJkZWxldGUiOjE4MDAwMDAwMDAwMDAsInJlYWQiOjMwMDAwMDAwMDAwMCwidXBkYXRlIjoxODAwMDAwMDAwMDAwfX0=",
          "dependencies": [
            "azurerm_resource_group.tf_rg"
          ]
        }
      ]
    },
    {
      "mode": "managed",
      "type": "azurerm_resource_group",
      "name": "tf_rg",
      "provider": "provider[\"registry.terraform.io/hashicorp/azurerm\"]",
      "instances": [
        {
          "schema_version": 0,
          "attributes": {
            "id": "/subscriptions/3107391c-1fb2-4525-ad56-f527fd836436/resourceGroups/Az-Tf-Rg",
            "location": "uksouth",
            "managed_by": "",
            "name": "Az-Tf-Rg",
            "tags": {},
            "timeouts": null
          },
          "sensitive_attributes": [],
          "identity_schema_version": 0,
          "private": "eyJlMmJmYjczMC1lY2FhLTExZTYtOGY4OC0zNDM2M2JjN2M0YzAiOnsiY3JlYXRlIjo1NDAwMDAwMDAwMDAwLCJkZWxldGUiOjU0MDAwMDAwMDAwMDAsInJlYWQiOjMwMDAwMDAwMDAwMCwidXBkYXRlIjo1NDAwMDAwMDAwMDAwfX0="
        }
      ]
    },
    {
      "mode": "managed",
      "type": "azurerm_subnet",
      "name": "tf_internal_sub",
      "provider": "provider[\"registry.terraform.io/hashicorp/azurerm\"]",
      "instances": [
        {
          "schema_version": 0,
          "attributes": {
            "address_prefixes": [
              "10.0.2.0/24"
            ],
            "default_outbound_access_enabled": true,
            "delegation": [],
            "id": "/subscriptions/3107391c-1fb2-4525-ad56-f527fd836436/resourceGroups/Az-Tf-Rg/providers/Microsoft.Network/virtualNetworks/tf-network/subnets/internal",
            "name": "internal",
            "private_endpoint_network_policies": "Disabled",
            "private_link_service_network_policies_enabled": true,
            "resource_group_name": "Az-Tf-Rg",
            "service_endpoint_policy_ids": [],
            "service_endpoints": [],
            "timeouts": null,
            "virtual_network_name": "tf-network"
          },
          "sensitive_attributes": [],
          "identity_schema_version": 0,
          "private": "eyJlMmJmYjczMC1lY2FhLTExZTYtOGY4OC0zNDM2M2JjN2M0YzAiOnsiY3JlYXRlIjoxODAwMDAwMDAwMDAwLCJkZWxldGUiOjE4MDAwMDAwMDAwMDAsInJlYWQiOjMwMDAwMDAwMDAwMCwidXBkYXRlIjoxODAwMDAwMDAwMDAwfX0=",
          "dependencies": [
            "azurerm_resource_group.tf_rg",
            "azurerm_virtual_network.tf_vnet"
          ]
        }
      ]
    },
    {
      "mode": "managed",
      "type": "azurerm_virtual_network",
      "name": "tf_vnet",
      "provider": "provider[\"registry.terraform.io/hashicorp/azurerm\"]",
      "instances": [
        {
          "schema_version": 0,
          "attributes": {
            "address_space": [
              "10.0.0.0/16"
            ],
            "bgp_community": "",
            "ddos_protection_plan": [],
            "dns_servers": [],
            "edge_zone": "",
            "encryption": [],
            "flow_timeout_in_minutes": 0,
            "guid": "00d00fd2-5855-4968-b8af-5a1608484f6f",
            "id": "/subscriptions/3107391c-1fb2-4525-ad56-f527fd836436/resourceGroups/Az-Tf-Rg/providers/Microsoft.Network/virtualNetworks/tf-network",
            "location": "uksouth",
            "name": "tf-network",
            "resource_group_name": "Az-Tf-Rg",
            "subnet": [
              {
                "address_prefixes": [
                  "10.0.2.0/24"
                ],
                "default_outbound_access_enabled": true,
                "delegation": [],
                "id": "/subscriptions/3107391c-1fb2-4525-ad56-f527fd836436/resourceGroups/Az-Tf-Rg/providers/Microsoft.Network/virtualNetworks/tf-network/subnets/internal",
                "name": "internal",
                "private_endpoint_network_policies": "Disabled",
                "private_link_service_network_policies_enabled": true,
                "route_table_id": "",
                "security_group": "",
                "service_endpoint_policy_ids": [],
                "service_endpoints": []
              }
            ],
            "tags": {},
            "timeouts": null
          },
          "sensitive_attributes": [],
          "identity_schema_version": 0,
          "private": "eyJlMmJmYjczMC1lY2FhLTExZTYtOGY4OC0zNDM2M2JjN2M0YzAiOnsiY3JlYXRlIjoxODAwMDAwMDAwMDAwLCJkZWxldGUiOjE4MDAwMDAwMDAwMDAsInJlYWQiOjMwMDAwMDAwMDAwMCwidXBkYXRlIjoxODAwMDAwMDAwMDAwfX0=",
          "dependencies": [
            "azurerm_resource_group.tf_rg"
          ]
        }
      ]
    }
  ],
  "check_results": null
}
